
Microsoft Visual Studio Solution File, Format Version 12.00
# Visual Studio Version 17
VisualStudioVersion = 17.7.34031.279
MinimumVisualStudioVersion = 10.0.40219.1
Project("{FAE04EC0-301F-11D3-BF4B-00C04F79EFBC}") = "modul14", "modul14\modul14.csproj", "{66D542C8-DDD4-44FE-B9FA-2C99CB6A887E}"
EndProject
Global
	GlobalSection(SolutionConfigurationPlatforms) = preSolution
		Debug|Any CPU = Debug|Any CPU
		Release|Any CPU = Release|Any CPU
	EndGlobalSection
	GlobalSection(ProjectConfigurationPlatforms) = postSolution
		{66D542C8-DDD4-44FE-B9FA-2C99CB6A887E}.Debug|Any CPU.ActiveCfg = Debug|Any CPU
		{66D542C8-DDD4-44FE-B9FA-2C99CB6A887E}.Debug|Any CPU.Build.0 = Debug|Any CPU
		{66D542C8-DDD4-44FE-B9FA-2C99CB6A887E}.Release|Any CPU.ActiveCfg = Release|Any CPU
		{66D542C8-DDD4-44FE-B9FA-2C99CB6A887E}.Release|Any CPU.Build.0 = Release|Any CPU
	EndGlobalSection
	GlobalSection(SolutionProperties) = preSolution
		HideSolutionNode = FALSE
	EndGlobalSection
	GlobalSection(ExtensibilityGlobals) = postSolution
		SolutionGuid = {30FBDE04-6002-4198-940F-08A1BF92B617}
	EndGlobalSection
EndGlobal
